// !$*UTF8*$!
{
	archiveVersion = 1;
	classes = {
	};
	objectVersion = 51;
	objects = {

/* Begin PBXBuildFile section */
		485C9D519C7B55B2758E18BA /* Pods_printinator.framework in Frameworks */ = {isa = PBXBuildFile; fileRef = C4914C81025CA2D7859BFE48 /* Pods_printinator.framework */; };
		C80F0F0625E56CB70001D70E /* AppDelegate.swift in Sources */ = {isa = PBXBuildFile; fileRef = C80F0F0525E56CB70001D70E /* AppDelegate.swift */; };
		C80F0F0825E56CB70001D70E /* ContentView.swift in Sources */ = {isa = PBXBuildFile; fileRef = C80F0F0725E56CB70001D70E /* ContentView.swift */; };
		C80F0F0A25E56CBD0001D70E /* Assets.xcassets in Resources */ = {isa = PBXBuildFile; fileRef = C80F0F0925E56CBD0001D70E /* Assets.xcassets */; };
		C80F0F4425E56D410001D70E /* FormLabs.swift in Sources */ = {isa = PBXBuildFile; fileRef = C80F0F4325E56D410001D70E /* FormLabs.swift */; };
		C80F0F5225E577AA0001D70E /* Preview Content in Resources */ = {isa = PBXBuildFile; fileRef = C80F0F5125E577AA0001D70E /* Preview Content */; };
		C80F0F5F25E579F30001D70E /* Alamofire.framework in Frameworks */ = {isa = PBXBuildFile; fileRef = C80F0F5E25E579F30001D70E /* Alamofire.framework */; };
		C80F0F6825E580200001D70E /* UserDefaults.swift in Sources */ = {isa = PBXBuildFile; fileRef = C80F0F6725E580200001D70E /* UserDefaults.swift */; };
		C80F0F6B25E58FAD0001D70E /* FormLabsTypes.swift in Sources */ = {isa = PBXBuildFile; fileRef = C80F0F6A25E58FAD0001D70E /* FormLabsTypes.swift */; };
		C80F0F6E25E5A0B70001D70E /* SettingsView.swift in Sources */ = {isa = PBXBuildFile; fileRef = C80F0F6D25E5A0B70001D70E /* SettingsView.swift */; };
		C80F0F7125E5C6580001D70E /* PrinterView.swift in Sources */ = {isa = PBXBuildFile; fileRef = C80F0F7025E5C6580001D70E /* PrinterView.swift */; };
/* End PBXBuildFile section */

/* Begin PBXFileReference section */
		5072FF87C618425B08C95C53 /* Pods-printinator.debug.xcconfig */ = {isa = PBXFileReference; includeInIndex = 1; lastKnownFileType = text.xcconfig; name = "Pods-printinator.debug.xcconfig"; path = "Target Support Files/Pods-printinator/Pods-printinator.debug.xcconfig"; sourceTree = "<group>"; };
		BD76A245F847AF5C5D372B8D /* Pods-printinator.release.xcconfig */ = {isa = PBXFileReference; includeInIndex = 1; lastKnownFileType = text.xcconfig; name = "Pods-printinator.release.xcconfig"; path = "Target Support Files/Pods-printinator/Pods-printinator.release.xcconfig"; sourceTree = "<group>"; };
		C4914C81025CA2D7859BFE48 /* Pods_printinator.framework */ = {isa = PBXFileReference; explicitFileType = wrapper.framework; includeInIndex = 0; path = Pods_printinator.framework; sourceTree = BUILT_PRODUCTS_DIR; };
		C80F0F0525E56CB70001D70E /* AppDelegate.swift */ = {isa = PBXFileReference; lastKnownFileType = sourcecode.swift; path = AppDelegate.swift; sourceTree = "<group>"; };
		C80F0F0725E56CB70001D70E /* ContentView.swift */ = {isa = PBXFileReference; lastKnownFileType = sourcecode.swift; path = ContentView.swift; sourceTree = "<group>"; };
		C80F0F0925E56CBD0001D70E /* Assets.xcassets */ = {isa = PBXFileReference; lastKnownFileType = folder.assetcatalog; path = Assets.xcassets; sourceTree = "<group>"; };
		C80F0F1125E56CBD0001D70E /* Info.plist */ = {isa = PBXFileReference; lastKnownFileType = text.plist.xml; path = Info.plist; sourceTree = "<group>"; };
		C80F0F1225E56CBD0001D70E /* printinator.entitlements */ = {isa = PBXFileReference; lastKnownFileType = text.plist.entitlements; path = printinator.entitlements; sourceTree = "<group>"; };
		C80F0F4325E56D410001D70E /* FormLabs.swift */ = {isa = PBXFileReference; lastKnownFileType = sourcecode.swift; path = FormLabs.swift; sourceTree = "<group>"; };
		C80F0F4E25E576E70001D70E /* printinator.app */ = {isa = PBXFileReference; explicitFileType = wrapper.application; includeInIndex = 0; path = printinator.app; sourceTree = BUILT_PRODUCTS_DIR; };
		C80F0F5125E577AA0001D70E /* Preview Content */ = {isa = PBXFileReference; lastKnownFileType = folder; path = "Preview Content"; sourceTree = "<group>"; };
		C80F0F5E25E579F30001D70E /* Alamofire.framework */ = {isa = PBXFileReference; explicitFileType = wrapper.framework; path = Alamofire.framework; sourceTree = BUILT_PRODUCTS_DIR; };
		C80F0F6725E580200001D70E /* UserDefaults.swift */ = {isa = PBXFileReference; lastKnownFileType = sourcecode.swift; path = UserDefaults.swift; sourceTree = "<group>"; };
		C80F0F6A25E58FAD0001D70E /* FormLabsTypes.swift */ = {isa = PBXFileReference; lastKnownFileType = sourcecode.swift; path = FormLabsTypes.swift; sourceTree = "<group>"; };
		C80F0F6D25E5A0B70001D70E /* SettingsView.swift */ = {isa = PBXFileReference; lastKnownFileType = sourcecode.swift; path = SettingsView.swift; sourceTree = "<group>"; };
		C80F0F7025E5C6580001D70E /* PrinterView.swift */ = {isa = PBXFileReference; lastKnownFileType = sourcecode.swift; path = PrinterView.swift; sourceTree = "<group>"; };
/* End PBXFileReference section */

/* Begin PBXFrameworksBuildPhase section */
		C80F0EFF25E56CB70001D70E /* Frameworks */ = {
			isa = PBXFrameworksBuildPhase;
			buildActionMask = 2147483647;
			files = (
				485C9D519C7B55B2758E18BA /* Pods_printinator.framework in Frameworks */,
				C80F0F5F25E579F30001D70E /* Alamofire.framework in Frameworks */,
			);
			runOnlyForDeploymentPostprocessing = 0;
		};
/* End PBXFrameworksBuildPhase section */

/* Begin PBXGroup section */
		C499BA5CB67922D0163C10C4 /* Frameworks */ = {
			isa = PBXGroup;
			children = (
				C80F0F5E25E579F30001D70E /* Alamofire.framework */,
				C4914C81025CA2D7859BFE48 /* Pods_printinator.framework */,
			);
			name = Frameworks;
			sourceTree = "<group>";
		};
		C80F0EF925E56CB70001D70E = {
			isa = PBXGroup;
			children = (
				C80F0F0425E56CB70001D70E /* printinator */,
				C80F0F4E25E576E70001D70E /* printinator.app */,
				F92902895AE13393A84D5E94 /* Pods */,
				C499BA5CB67922D0163C10C4 /* Frameworks */,
			);
			sourceTree = "<group>";
		};
		C80F0F0425E56CB70001D70E /* printinator */ = {
			isa = PBXGroup;
			children = (
				C80F0F5125E577AA0001D70E /* Preview Content */,
				C80F0F0525E56CB70001D70E /* AppDelegate.swift */,
				C80F0F0725E56CB70001D70E /* ContentView.swift */,
				C80F0F4325E56D410001D70E /* FormLabs.swift */,
				C80F0F6A25E58FAD0001D70E /* FormLabsTypes.swift */,
				C80F0F6D25E5A0B70001D70E /* SettingsView.swift */,
				C80F0F7025E5C6580001D70E /* PrinterView.swift */,
				C80F0F6725E580200001D70E /* UserDefaults.swift */,
				C80F0F0925E56CBD0001D70E /* Assets.xcassets */,
				C80F0F1125E56CBD0001D70E /* Info.plist */,
				C80F0F1225E56CBD0001D70E /* printinator.entitlements */,
			);
			path = printinator;
			sourceTree = "<group>";
		};
		F92902895AE13393A84D5E94 /* Pods */ = {
			isa = PBXGroup;
			children = (
				5072FF87C618425B08C95C53 /* Pods-printinator.debug.xcconfig */,
				BD76A245F847AF5C5D372B8D /* Pods-printinator.release.xcconfig */,
			);
			path = Pods;
			sourceTree = "<group>";
		};
/* End PBXGroup section */

/* Begin PBXNativeTarget section */
		C80F0F0125E56CB70001D70E /* printinator */ = {
			isa = PBXNativeTarget;
			buildConfigurationList = C80F0F2B25E56CBD0001D70E /* Build configuration list for PBXNativeTarget "printinator" */;
			buildPhases = (
				3DA66BF2BD827562B28E551E /* [CP] Check Pods Manifest.lock */,
				C80F0EFE25E56CB70001D70E /* Sources */,
				C80F0EFF25E56CB70001D70E /* Frameworks */,
				C80F0F0025E56CB70001D70E /* Resources */,
				C1E01A38E9D494953FD78CA0 /* [CP] Embed Pods Frameworks */,
			);
			buildRules = (
			);
			dependencies = (
			);
			name = printinator;
			productName = printinator;
			productReference = C80F0F4E25E576E70001D70E /* printinator.app */;
			productType = "com.apple.product-type.application";
		};
/* End PBXNativeTarget section */

/* Begin PBXProject section */
		C80F0EFA25E56CB70001D70E /* Project object */ = {
			isa = PBXProject;
			attributes = {
				LastSwiftUpdateCheck = 1240;
				LastUpgradeCheck = 1240;
				TargetAttributes = {
					C80F0F0125E56CB70001D70E = {
						CreatedOnToolsVersion = 12.4;
					};
				};
			};
			buildConfigurationList = C80F0EFD25E56CB70001D70E /* Build configuration list for PBXProject "printinator" */;
			compatibilityVersion = "Xcode 9.3";
			developmentRegion = en;
			hasScannedForEncodings = 0;
			knownRegions = (
				en,
				Base,
			);
			mainGroup = C80F0EF925E56CB70001D70E;
			productRefGroup = C80F0EF925E56CB70001D70E;
			projectDirPath = "";
			projectRoot = "";
			targets = (
				C80F0F0125E56CB70001D70E /* printinator */,
			);
		};
/* End PBXProject section */

/* Begin PBXResourcesBuildPhase section */
		C80F0F0025E56CB70001D70E /* Resources */ = {
			isa = PBXResourcesBuildPhase;
			buildActionMask = 2147483647;
			files = (
				C80F0F5225E577AA0001D70E /* Preview Content in Resources */,
				C80F0F0A25E56CBD0001D70E /* Assets.xcassets in Resources */,
			);
			runOnlyForDeploymentPostprocessing = 0;
		};
/* End PBXResourcesBuildPhase section */

/* Begin PBXShellScriptBuildPhase section */
		3DA66BF2BD827562B28E551E /* [CP] Check Pods Manifest.lock */ = {
			isa = PBXShellScriptBuildPhase;
			buildActionMask = 2147483647;
			files = (
			);
			inputFileListPaths = (
			);
			inputPaths = (
				"${PODS_PODFILE_DIR_PATH}/Podfile.lock",
				"${PODS_ROOT}/Manifest.lock",
			);
			name = "[CP] Check Pods Manifest.lock";
			outputFileListPaths = (
			);
			outputPaths = (
				"$(DERIVED_FILE_DIR)/Pods-printinator-checkManifestLockResult.txt",
			);
			runOnlyForDeploymentPostprocessing = 0;
			shellPath = /bin/sh;
			shellScript = "diff \"${PODS_PODFILE_DIR_PATH}/Podfile.lock\" \"${PODS_ROOT}/Manifest.lock\" > /dev/null\nif [ $? != 0 ] ; then\n    # print error to STDERR\n    echo \"error: The sandbox is not in sync with the Podfile.lock. Run 'pod install' or update your CocoaPods installation.\" >&2\n    exit 1\nfi\n# This output is used by Xcode 'outputs' to avoid re-running this script phase.\necho \"SUCCESS\" > \"${SCRIPT_OUTPUT_FILE_0}\"\n";
			showEnvVarsInLog = 0;
		};
		C1E01A38E9D494953FD78CA0 /* [CP] Embed Pods Frameworks */ = {
			isa = PBXShellScriptBuildPhase;
			buildActionMask = 2147483647;
			files = (
			);
			inputFileListPaths = (
				"${PODS_ROOT}/Target Support Files/Pods-printinator/Pods-printinator-frameworks-${CONFIGURATION}-input-files.xcfilelist",
			);
			name = "[CP] Embed Pods Frameworks";
			outputFileListPaths = (
				"${PODS_ROOT}/Target Support Files/Pods-printinator/Pods-printinator-frameworks-${CONFIGURATION}-output-files.xcfilelist",
			);
			runOnlyForDeploymentPostprocessing = 0;
			shellPath = /bin/sh;
			shellScript = "\"${PODS_ROOT}/Target Support Files/Pods-printinator/Pods-printinator-frameworks.sh\"\n";
			showEnvVarsInLog = 0;
		};
/* End PBXShellScriptBuildPhase section */

/* Begin PBXSourcesBuildPhase section */
		C80F0EFE25E56CB70001D70E /* Sources */ = {
			isa = PBXSourcesBuildPhase;
			buildActionMask = 2147483647;
			files = (
				C80F0F6B25E58FAD0001D70E /* FormLabsTypes.swift in Sources */,
				C80F0F6825E580200001D70E /* UserDefaults.swift in Sources */,
				C80F0F0825E56CB70001D70E /* ContentView.swift in Sources */,
				C80F0F6E25E5A0B70001D70E /* SettingsView.swift in Sources */,
				C80F0F4425E56D410001D70E /* FormLabs.swift in Sources */,
				C80F0F0625E56CB70001D70E /* AppDelegate.swift in Sources */,
				C80F0F7125E5C6580001D70E /* PrinterView.swift in Sources */,
			);
			runOnlyForDeploymentPostprocessing = 0;
		};
/* End PBXSourcesBuildPhase section */

/* Begin XCBuildConfiguration section */
		C80F0F2925E56CBD0001D70E /* Debug */ = {
			isa = XCBuildConfiguration;
			buildSettings = {
				ALWAYS_SEARCH_USER_PATHS = NO;
				CLANG_ANALYZER_NONNULL = YES;
				CLANG_ANALYZER_NUMBER_OBJECT_CONVERSION = YES_AGGRESSIVE;
				CLANG_CXX_LANGUAGE_STANDARD = "gnu++14";
				CLANG_CXX_LIBRARY = "libc++";
				CLANG_ENABLE_MODULES = YES;
				CLANG_ENABLE_OBJC_ARC = YES;
				CLANG_ENABLE_OBJC_WEAK = YES;
				CLANG_WARN_BLOCK_CAPTURE_AUTORELEASING = YES;
				CLANG_WARN_BOOL_CONVERSION = YES;
				CLANG_WARN_COMMA = YES;
				CLANG_WARN_CONSTANT_CONVERSION = YES;
				CLANG_WARN_DEPRECATED_OBJC_IMPLEMENTATIONS = YES;
				CLANG_WARN_DIRECT_OBJC_ISA_USAGE = YES_ERROR;
				CLANG_WARN_DOCUMENTATION_COMMENTS = YES;
				CLANG_WARN_EMPTY_BODY = YES;
				CLANG_WARN_ENUM_CONVERSION = YES;
				CLANG_WARN_INFINITE_RECURSION = YES;
				CLANG_WARN_INT_CONVERSION = YES;
				CLANG_WARN_NON_LITERAL_NULL_CONVERSION = YES;
				CLANG_WARN_OBJC_IMPLICIT_RETAIN_SELF = YES;
				CLANG_WARN_OBJC_LITERAL_CONVERSION = YES;
				CLANG_WARN_OBJC_ROOT_CLASS = YES_ERROR;
				CLANG_WARN_QUOTED_INCLUDE_IN_FRAMEWORK_HEADER = YES;
				CLANG_WARN_RANGE_LOOP_ANALYSIS = YES;
				CLANG_WARN_STRICT_PROTOTYPES = YES;
				CLANG_WARN_SUSPICIOUS_MOVE = YES;
				CLANG_WARN_UNGUARDED_AVAILABILITY = YES_AGGRESSIVE;
				CLANG_WARN_UNREACHABLE_CODE = YES;
				CLANG_WARN__DUPLICATE_METHOD_MATCH = YES;
				COPY_PHASE_STRIP = NO;
				DEBUG_INFORMATION_FORMAT = dwarf;
				ENABLE_STRICT_OBJC_MSGSEND = YES;
				ENABLE_TESTABILITY = YES;
				GCC_C_LANGUAGE_STANDARD = gnu11;
				GCC_DYNAMIC_NO_PIC = NO;
				GCC_NO_COMMON_BLOCKS = YES;
				GCC_OPTIMIZATION_LEVEL = 0;
				GCC_PREPROCESSOR_DEFINITIONS = (
					"DEBUG=1",
					"$(inherited)",
				);
				GCC_WARN_64_TO_32_BIT_CONVERSION = YES;
				GCC_WARN_ABOUT_RETURN_TYPE = YES_ERROR;
				GCC_WARN_UNDECLARED_SELECTOR = YES;
				GCC_WARN_UNINITIALIZED_AUTOS = YES_AGGRESSIVE;
				GCC_WARN_UNUSED_FUNCTION = YES;
				GCC_WARN_UNUSED_VARIABLE = YES;
				MACOSX_DEPLOYMENT_TARGET = 11.1;
				MTL_ENABLE_DEBUG_INFO = INCLUDE_SOURCE;
				MTL_FAST_MATH = YES;
				ONLY_ACTIVE_ARCH = YES;
				SDKROOT = macosx;
				SWIFT_ACTIVE_COMPILATION_CONDITIONS = DEBUG;
				SWIFT_OPTIMIZATION_LEVEL = "-Onone";
			};
			name = Debug;
		};
		C80F0F2A25E56CBD0001D70E /* Release */ = {
			isa = XCBuildConfiguration;
			buildSettings = {
				ALWAYS_SEARCH_USER_PATHS = NO;
				CLANG_ANALYZER_NONNULL = YES;
				CLANG_ANALYZER_NUMBER_OBJECT_CONVERSION = YES_AGGRESSIVE;
				CLANG_CXX_LANGUAGE_STANDARD = "gnu++14";
				CLANG_CXX_LIBRARY = "libc++";
				CLANG_ENABLE_MODULES = YES;
				CLANG_ENABLE_OBJC_ARC = YES;
				CLANG_ENABLE_OBJC_WEAK = YES;
				CLANG_WARN_BLOCK_CAPTURE_AUTORELEASING = YES;
				CLANG_WARN_BOOL_CONVERSION = YES;
				CLANG_WARN_COMMA = YES;
				CLANG_WARN_CONSTANT_CONVERSION = YES;
				CLANG_WARN_DEPRECATED_OBJC_IMPLEMENTATIONS = YES;
				CLANG_WARN_DIRECT_OBJC_ISA_USAGE = YES_ERROR;
				CLANG_WARN_DOCUMENTATION_COMMENTS = YES;
				CLANG_WARN_EMPTY_BODY = YES;
				CLANG_WARN_ENUM_CONVERSION = YES;
				CLANG_WARN_INFINITE_RECURSION = YES;
				CLANG_WARN_INT_CONVERSION = YES;
				CLANG_WARN_NON_LITERAL_NULL_CONVERSION = YES;
				CLANG_WARN_OBJC_IMPLICIT_RETAIN_SELF = YES;
				CLANG_WARN_OBJC_LITERAL_CONVERSION = YES;
				CLANG_WARN_OBJC_ROOT_CLASS = YES_ERROR;
				CLANG_WARN_QUOTED_INCLUDE_IN_FRAMEWORK_HEADER = YES;
				CLANG_WARN_RANGE_LOOP_ANALYSIS = YES;
				CLANG_WARN_STRICT_PROTOTYPES = YES;
				CLANG_WARN_SUSPICIOUS_MOVE = YES;
				CLANG_WARN_UNGUARDED_AVAILABILITY = YES_AGGRESSIVE;
				CLANG_WARN_UNREACHABLE_CODE = YES;
				CLANG_WARN__DUPLICATE_METHOD_MATCH = YES;
				COPY_PHASE_STRIP = NO;
				DEBUG_INFORMATION_FORMAT = "dwarf-with-dsym";
				ENABLE_NS_ASSERTIONS = NO;
				ENABLE_STRICT_OBJC_MSGSEND = YES;
				GCC_C_LANGUAGE_STANDARD = gnu11;
				GCC_NO_COMMON_BLOCKS = YES;
				GCC_WARN_64_TO_32_BIT_CONVERSION = YES;
				GCC_WARN_ABOUT_RETURN_TYPE = YES_ERROR;
				GCC_WARN_UNDECLARED_SELECTOR = YES;
				GCC_WARN_UNINITIALIZED_AUTOS = YES_AGGRESSIVE;
				GCC_WARN_UNUSED_FUNCTION = YES;
				GCC_WARN_UNUSED_VARIABLE = YES;
				MACOSX_DEPLOYMENT_TARGET = 11.1;
				MTL_ENABLE_DEBUG_INFO = NO;
				MTL_FAST_MATH = YES;
				SDKROOT = macosx;
				SWIFT_COMPILATION_MODE = wholemodule;
				SWIFT_OPTIMIZATION_LEVEL = "-O";
			};
			name = Release;
		};
		C80F0F2C25E56CBD0001D70E /* Debug */ = {
			isa = XCBuildConfiguration;
			baseConfigurationReference = 5072FF87C618425B08C95C53 /* Pods-printinator.debug.xcconfig */;
			buildSettings = {
				ASSETCATALOG_COMPILER_APPICON_NAME = AppIcon;
				ASSETCATALOG_COMPILER_GLOBAL_ACCENT_COLOR_NAME = AccentColor;
				CODE_SIGN_ENTITLEMENTS = printinator/printinator.entitlements;
				CODE_SIGN_IDENTITY = "Apple Development";
				CODE_SIGN_STYLE = Automatic;
				COMBINE_HIDPI_IMAGES = YES;
				DEVELOPMENT_ASSET_PATHS = "\"printinator/Preview Content\"";
				DEVELOPMENT_TEAM = H5YXY2V89D;
				ENABLE_PREVIEWS = YES;
				INFOPLIST_FILE = printinator/Info.plist;
				LD_RUNPATH_SEARCH_PATHS = (
					"$(inherited)",
					"@executable_path/../Frameworks",
				);
				MACOSX_DEPLOYMENT_TARGET = 11.1;
				PRODUCT_BUNDLE_IDENTIFIER = dev.jessfraz.printinator;
				PRODUCT_NAME = "$(TARGET_NAME)";
				SWIFT_VERSION = 5.0;
			};
			name = Debug;
		};
		C80F0F2D25E56CBD0001D70E /* Release */ = {
			isa = XCBuildConfiguration;
			baseConfigurationReference = BD76A245F847AF5C5D372B8D /* Pods-printinator.release.xcconfig */;
			buildSettings = {
				ASSETCATALOG_COMPILER_APPICON_NAME = AppIcon;
				ASSETCATALOG_COMPILER_GLOBAL_ACCENT_COLOR_NAME = AccentColor;
				CODE_SIGN_ENTITLEMENTS = printinator/printinator.entitlements;
				CODE_SIGN_IDENTITY = "Apple Development";
				CODE_SIGN_STYLE = Automatic;
				COMBINE_HIDPI_IMAGES = YES;
				DEVELOPMENT_ASSET_PATHS = "\"printinator/Preview Content\"";
				DEVELOPMENT_TEAM = H5YXY2V89D;
				ENABLE_PREVIEWS = YES;
				INFOPLIST_FILE = printinator/Info.plist;
				LD_RUNPATH_SEARCH_PATHS = (
					"$(inherited)",
					"@executable_path/../Frameworks",
				);
				MACOSX_DEPLOYMENT_TARGET = 11.1;
				PRODUCT_BUNDLE_IDENTIFIER = dev.jessfraz.printinator;
				PRODUCT_NAME = "$(TARGET_NAME)";
				SWIFT_VERSION = 5.0;
			};
			name = Release;
		};
/* End XCBuildConfiguration section */

/* Begin XCConfigurationList section */
		C80F0EFD25E56CB70001D70E /* Build configuration list for PBXProject "printinator" */ = {
			isa = XCConfigurationList;
			buildConfigurations = (
				C80F0F2925E56CBD0001D70E /* Debug */,
				C80F0F2A25E56CBD0001D70E /* Release */,
			);
			defaultConfigurationIsVisible = 0;
			defaultConfigurationName = Release;
		};
		C80F0F2B25E56CBD0001D70E /* Build configuration list for PBXNativeTarget "printinator" */ = {
			isa = XCConfigurationList;
			buildConfigurations = (
				C80F0F2C25E56CBD0001D70E /* Debug */,
				C80F0F2D25E56CBD0001D70E /* Release */,
			);
			defaultConfigurationIsVisible = 0;
			defaultConfigurationName = Release;
		};
/* End XCConfigurationList section */
	};
	rootObject = C80F0EFA25E56CB70001D70E /* Project object */;
}
