PODS:
  - Alamofire (5.4.1)
  - CNIOAtomics (2.26.0)
  - CNIODarwin (2.26.0)
  - CNIOLinux (2.26.0)
  - CNIOWindows (2.26.0)
  - SwiftNIO (2.26.0):
    - CNIODarwin (= 2.26.0)
    - CNIOLinux (= 2.26.0)
    - CNIOWindows (= 2.26.0)
    - SwiftNIOConcurrencyHelpers (= 2.26.0)
  - SwiftNIOConcurrencyHelpers (2.26.0):
    - CNIOAtomics (= 2.26.0)

DEPENDENCIES:
  - Alamofire (~> 5.2)
  - SwiftNIO

SPEC REPOS:
  trunk:
    - Alamofire
    - CNIOAtomics
    - CNIODarwin
    - CNIOLinux
    - CNIOWindows
    - SwiftNIO
    - SwiftNIOConcurrencyHelpers

SPEC CHECKSUMS:
  Alamofire: 2291f7d21ca607c491dd17642e5d40fdcda0e65c
  CNIOAtomics: 7599e2500f637f1e043047da52efd710d6020dd3
  CNIODarwin: 68f6ff440e989ef43ca6eb3335f3e5484066fab7
  CNIOLinux: 5fd92122d58b04508074371d95a1f874310fe8e3
  CNIOWindows: 0af55cf84c3811318aee91888737e0b124552029
  SwiftNIO: 1f309539cfe7ed42648f505a48c546e83a2f66c3
  SwiftNIOConcurrencyHelpers: ebbceb814afcd8b4fab86935855f6c8c77ae4285

PODFILE CHECKSUM: bf52928e8dbb378a26a19eb4fdb8caf5cb79e353

COCOAPODS: 1.10.1
